
Microsoft Visual Studio Solution File, Format Version 12.00
# Visual Studio Version 16
VisualStudioVersion = 16.0.29424.173
MinimumVisualStudioVersion = 10.0.40219.1
Project("{FAE04EC0-301F-11D3-BF4B-00C04F79EFBC}") = "ReactReduxWithValentinoGagliardi", "ReactReduxWithValentinoGagliardi\ReactReduxWithValentinoGagliardi.csproj", "{8CE422F8-A2F3-4C80-BFE1-D542B190430F}"
EndProject
Global
	GlobalSection(SolutionConfigurationPlatforms) = preSolution
		Debug|Any CPU = Debug|Any CPU
		Release|Any CPU = Release|Any CPU
	EndGlobalSection
	GlobalSection(ProjectConfigurationPlatforms) = postSolution
		{8CE422F8-A2F3-4C80-BFE1-D542B190430F}.Debug|Any CPU.ActiveCfg = Debug|Any CPU
		{8CE422F8-A2F3-4C80-BFE1-D542B190430F}.Debug|Any CPU.Build.0 = Debug|Any CPU
		{8CE422F8-A2F3-4C80-BFE1-D542B190430F}.Release|Any CPU.ActiveCfg = Release|Any CPU
		{8CE422F8-A2F3-4C80-BFE1-D542B190430F}.Release|Any CPU.Build.0 = Release|Any CPU
	EndGlobalSection
	GlobalSection(SolutionProperties) = preSolution
		HideSolutionNode = FALSE
	EndGlobalSection
	GlobalSection(ExtensibilityGlobals) = postSolution
		SolutionGuid = {129FA34C-2F22-4048-AF69-78DA5C8A2E4B}
	EndGlobalSection
EndGlobal
